// !$*UTF8*$!
{
	archiveVersion = 1;
	classes = {
	};
	objectVersion = 77;
	objects = {

/* Begin PBXBuildFile section */
		C54AAE192D959C2200A11B2C /* Network.framework in Frameworks */ = {isa = PBXBuildFile; fileRef = C54AAE182D959C2200A11B2C /* Network.framework */; };
		C5AEF0602ED8A72A00A73A2D /* AppIcon.icon in Resources */ = {isa = PBXBuildFile; fileRef = C5AEF05F2ED8A72A00A73A2D /* AppIcon.icon */; };
/* End PBXBuildFile section */

/* Begin PBXContainerItemProxy section */
		C50DCA712D17309A00780112 /* PBXContainerItemProxy */ = {
			isa = PBXContainerItemProxy;
			containerPortal = C50DCA572D17309900780112 /* Project object */;
			proxyType = 1;
			remoteGlobalIDString = C50DCA5E2D17309900780112;
			remoteInfo = "KH Volume slider";
		};
		C50DCA7B2D17309A00780112 /* PBXContainerItemProxy */ = {
			isa = PBXContainerItemProxy;
			containerPortal = C50DCA572D17309900780112 /* Project object */;
			proxyType = 1;
			remoteGlobalIDString = C50DCA5E2D17309900780112;
			remoteInfo = "KH Volume slider";
		};
/* End PBXContainerItemProxy section */

/* Begin PBXFileReference section */
		C50171612D40447300EE0261 /* README.md */ = {isa = PBXFileReference; lastKnownFileType = net.daringfireball.markdown; path = README.md; sourceTree = "<group>"; };
		C50DCA5F2D17309900780112 /* KH Volume slider.app */ = {isa = PBXFileReference; explicitFileType = wrapper.application; includeInIndex = 0; path = "KH Volume slider.app"; sourceTree = BUILT_PRODUCTS_DIR; };
		C50DCA702D17309A00780112 /* KH Volume sliderTests.xctest */ = {isa = PBXFileReference; explicitFileType = wrapper.cfbundle; includeInIndex = 0; path = "KH Volume sliderTests.xctest"; sourceTree = BUILT_PRODUCTS_DIR; };
		C50DCA7A2D17309A00780112 /* KH Volume sliderUITests.xctest */ = {isa = PBXFileReference; explicitFileType = wrapper.cfbundle; includeInIndex = 0; path = "KH Volume sliderUITests.xctest"; sourceTree = BUILT_PRODUCTS_DIR; };
		C54AAE182D959C2200A11B2C /* Network.framework */ = {isa = PBXFileReference; lastKnownFileType = wrapper.framework; name = Network.framework; path = System/Library/Frameworks/Network.framework; sourceTree = SDKROOT; };
		C5AEF05F2ED8A72A00A73A2D /* AppIcon.icon */ = {isa = PBXFileReference; lastKnownFileType = folder.iconcomposer.icon; path = AppIcon.icon; sourceTree = "<group>"; };
/* End PBXFileReference section */

/* Begin PBXFileSystemSynchronizedBuildFileExceptionSet section */
		C5B99A552D1DB3B7003366EB /* Exceptions for "KH Volume slider" folder in "KH Volume slider" target */ = {
			isa = PBXFileSystemSynchronizedBuildFileExceptionSet;
			membershipExceptions = (
				"Preview Content/Preview Assets.xcassets",
			);
			target = C50DCA5E2D17309900780112 /* KH Volume slider */;
		};
/* End PBXFileSystemSynchronizedBuildFileExceptionSet section */

/* Begin PBXFileSystemSynchronizedRootGroup section */
		C50DCA612D17309900780112 /* KH Volume slider */ = {
			isa = PBXFileSystemSynchronizedRootGroup;
			exceptions = (
				C5B99A552D1DB3B7003366EB /* Exceptions for "KH Volume slider" folder in "KH Volume slider" target */,
			);
			path = "KH Volume slider";
			sourceTree = "<group>";
		};
		C50DCA732D17309A00780112 /* KH Volume sliderTests */ = {
			isa = PBXFileSystemSynchronizedRootGroup;
			path = "KH Volume sliderTests";
			sourceTree = "<group>";
		};
		C50DCA7D2D17309A00780112 /* KH Volume sliderUITests */ = {
			isa = PBXFileSystemSynchronizedRootGroup;
			path = "KH Volume sliderUITests";
			sourceTree = "<group>";
		};
/* End PBXFileSystemSynchronizedRootGroup section */

/* Begin PBXFrameworksBuildPhase section */
		C50DCA5C2D17309900780112 /* Frameworks */ = {
			isa = PBXFrameworksBuildPhase;
			buildActionMask = 2147483647;
			files = (
				C54AAE192D959C2200A11B2C /* Network.framework in Frameworks */,
			);
			runOnlyForDeploymentPostprocessing = 0;
		};
		C50DCA6D2D17309A00780112 /* Frameworks */ = {
			isa = PBXFrameworksBuildPhase;
			buildActionMask = 2147483647;
			files = (
			);
			runOnlyForDeploymentPostprocessing = 0;
		};
		C50DCA772D17309A00780112 /* Frameworks */ = {
			isa = PBXFrameworksBuildPhase;
			buildActionMask = 2147483647;
			files = (
			);
			runOnlyForDeploymentPostprocessing = 0;
		};
/* End PBXFrameworksBuildPhase section */

/* Begin PBXGroup section */
		C50DCA562D17309900780112 = {
			isa = PBXGroup;
			children = (
				C50DCA612D17309900780112 /* KH Volume slider */,
				C50DCA732D17309A00780112 /* KH Volume sliderTests */,
				C50DCA7D2D17309A00780112 /* KH Volume sliderUITests */,
				C50DCA602D17309900780112 /* Products */,
				C50171612D40447300EE0261 /* README.md */,
				C54AAE172D959C2200A11B2C /* Frameworks */,
				C5AEF05F2ED8A72A00A73A2D /* AppIcon.icon */,
			);
			sourceTree = "<group>";
		};
		C50DCA602D17309900780112 /* Products */ = {
			isa = PBXGroup;
			children = (
				C50DCA5F2D17309900780112 /* KH Volume slider.app */,
				C50DCA702D17309A00780112 /* KH Volume sliderTests.xctest */,
				C50DCA7A2D17309A00780112 /* KH Volume sliderUITests.xctest */,
			);
			name = Products;
			sourceTree = "<group>";
		};
		C54AAE172D959C2200A11B2C /* Frameworks */ = {
			isa = PBXGroup;
			children = (
				C54AAE182D959C2200A11B2C /* Network.framework */,
			);
			name = Frameworks;
			sourceTree = "<group>";
		};
/* End PBXGroup section */

/* Begin PBXNativeTarget section */
		C50DCA5E2D17309900780112 /* KH Volume slider */ = {
			isa = PBXNativeTarget;
			buildConfigurationList = C50DCA842D17309A00780112 /* Build configuration list for PBXNativeTarget "KH Volume slider" */;
			buildPhases = (
				C50DCA5B2D17309900780112 /* Sources */,
				C50DCA5C2D17309900780112 /* Frameworks */,
				C5B99A542D1DB3B6003366EB /* Resources */,
			);
			buildRules = (
			);
			dependencies = (
			);
			fileSystemSynchronizedGroups = (
				C50DCA612D17309900780112 /* KH Volume slider */,
			);
			name = "KH Volume slider";
			packageProductDependencies = (
			);
			productName = "KH Volume slider";
			productReference = C50DCA5F2D17309900780112 /* KH Volume slider.app */;
			productType = "com.apple.product-type.application";
		};
		C50DCA6F2D17309A00780112 /* KH Volume sliderTests */ = {
			isa = PBXNativeTarget;
			buildConfigurationList = C50DCA872D17309A00780112 /* Build configuration list for PBXNativeTarget "KH Volume sliderTests" */;
			buildPhases = (
				C50DCA6C2D17309A00780112 /* Sources */,
				C50DCA6D2D17309A00780112 /* Frameworks */,
				C50DCA6E2D17309A00780112 /* Resources */,
			);
			buildRules = (
			);
			dependencies = (
				C50DCA722D17309A00780112 /* PBXTargetDependency */,
			);
			fileSystemSynchronizedGroups = (
				C50DCA732D17309A00780112 /* KH Volume sliderTests */,
			);
			name = "KH Volume sliderTests";
			packageProductDependencies = (
			);
			productName = "KH Volume sliderTests";
			productReference = C50DCA702D17309A00780112 /* KH Volume sliderTests.xctest */;
			productType = "com.apple.product-type.bundle.unit-test";
		};
		C50DCA792D17309A00780112 /* KH Volume sliderUITests */ = {
			isa = PBXNativeTarget;
			buildConfigurationList = C50DCA8A2D17309A00780112 /* Build configuration list for PBXNativeTarget "KH Volume sliderUITests" */;
			buildPhases = (
				C50DCA762D17309A00780112 /* Sources */,
				C50DCA772D17309A00780112 /* Frameworks */,
				C50DCA782D17309A00780112 /* Resources */,
			);
			buildRules = (
			);
			dependencies = (
				C50DCA7C2D17309A00780112 /* PBXTargetDependency */,
			);
			fileSystemSynchronizedGroups = (
				C50DCA7D2D17309A00780112 /* KH Volume sliderUITests */,
			);
			name = "KH Volume sliderUITests";
			packageProductDependencies = (
			);
			productName = "KH Volume sliderUITests";
			productReference = C50DCA7A2D17309A00780112 /* KH Volume sliderUITests.xctest */;
			productType = "com.apple.product-type.bundle.ui-testing";
		};
/* End PBXNativeTarget section */

/* Begin PBXProject section */
		C50DCA572D17309900780112 /* Project object */ = {
			isa = PBXProject;
			attributes = {
				BuildIndependentTargetsInParallel = 1;
				KnownAssetTags = (
					New,
				);
				LastSwiftUpdateCheck = 2620;
				LastUpgradeCheck = 2610;
				TargetAttributes = {
					C50DCA5E2D17309900780112 = {
						CreatedOnToolsVersion = 16.2;
					};
					C50DCA6F2D17309A00780112 = {
						CreatedOnToolsVersion = 16.2;
						TestTargetID = C50DCA5E2D17309900780112;
					};
					C50DCA792D17309A00780112 = {
						CreatedOnToolsVersion = 16.2;
						TestTargetID = C50DCA5E2D17309900780112;
					};
				};
			};
			buildConfigurationList = C50DCA5A2D17309900780112 /* Build configuration list for PBXProject "KH Volume slider" */;
			developmentRegion = en;
			hasScannedForEncodings = 0;
			knownRegions = (
				en,
				Base,
			);
			mainGroup = C50DCA562D17309900780112;
			minimizedProjectReferenceProxies = 1;
			preferredProjectObjectVersion = 77;
			productRefGroup = C50DCA602D17309900780112 /* Products */;
			projectDirPath = "";
			projectRoot = "";
			targets = (
				C50DCA5E2D17309900780112 /* KH Volume slider */,
				C50DCA6F2D17309A00780112 /* KH Volume sliderTests */,
				C50DCA792D17309A00780112 /* KH Volume sliderUITests */,
			);
		};
/* End PBXProject section */

/* Begin PBXResourcesBuildPhase section */
		C50DCA6E2D17309A00780112 /* Resources */ = {
			isa = PBXResourcesBuildPhase;
			buildActionMask = 2147483647;
			files = (
			);
			runOnlyForDeploymentPostprocessing = 0;
		};
		C50DCA782D17309A00780112 /* Resources */ = {
			isa = PBXResourcesBuildPhase;
			buildActionMask = 2147483647;
			files = (
			);
			runOnlyForDeploymentPostprocessing = 0;
		};
		C5B99A542D1DB3B6003366EB /* Resources */ = {
			isa = PBXResourcesBuildPhase;
			buildActionMask = 2147483647;
			files = (
				C5AEF0602ED8A72A00A73A2D /* AppIcon.icon in Resources */,
			);
			runOnlyForDeploymentPostprocessing = 0;
		};
/* End PBXResourcesBuildPhase section */

/* Begin PBXSourcesBuildPhase section */
		C50DCA5B2D17309900780112 /* Sources */ = {
			isa = PBXSourcesBuildPhase;
			buildActionMask = 2147483647;
			files = (
			);
			runOnlyForDeploymentPostprocessing = 0;
		};
		C50DCA6C2D17309A00780112 /* Sources */ = {
			isa = PBXSourcesBuildPhase;
			buildActionMask = 2147483647;
			files = (
			);
			runOnlyForDeploymentPostprocessing = 0;
		};
		C50DCA762D17309A00780112 /* Sources */ = {
			isa = PBXSourcesBuildPhase;
			buildActionMask = 2147483647;
			files = (
			);
			runOnlyForDeploymentPostprocessing = 0;
		};
/* End PBXSourcesBuildPhase section */

/* Begin PBXTargetDependency section */
		C50DCA722D17309A00780112 /* PBXTargetDependency */ = {
			isa = PBXTargetDependency;
			target = C50DCA5E2D17309900780112 /* KH Volume slider */;
			targetProxy = C50DCA712D17309A00780112 /* PBXContainerItemProxy */;
		};
		C50DCA7C2D17309A00780112 /* PBXTargetDependency */ = {
			isa = PBXTargetDependency;
			target = C50DCA5E2D17309900780112 /* KH Volume slider */;
			targetProxy = C50DCA7B2D17309A00780112 /* PBXContainerItemProxy */;
		};
/* End PBXTargetDependency section */

/* Begin XCBuildConfiguration section */
		C50DCA822D17309A00780112 /* Debug */ = {
			isa = XCBuildConfiguration;
			buildSettings = {
				ALWAYS_SEARCH_USER_PATHS = NO;
				ASSETCATALOG_COMPILER_GENERATE_SWIFT_ASSET_SYMBOL_EXTENSIONS = YES;
				CLANG_ANALYZER_NONNULL = YES;
				CLANG_ANALYZER_NUMBER_OBJECT_CONVERSION = YES_AGGRESSIVE;
				CLANG_CXX_LANGUAGE_STANDARD = "gnu++20";
				CLANG_ENABLE_MODULES = YES;
				CLANG_ENABLE_OBJC_ARC = YES;
				CLANG_ENABLE_OBJC_WEAK = YES;
				CLANG_WARN_BLOCK_CAPTURE_AUTORELEASING = YES;
				CLANG_WARN_BOOL_CONVERSION = YES;
				CLANG_WARN_COMMA = YES;
				CLANG_WARN_CONSTANT_CONVERSION = YES;
				CLANG_WARN_DEPRECATED_OBJC_IMPLEMENTATIONS = YES;
				CLANG_WARN_DIRECT_OBJC_ISA_USAGE = YES_ERROR;
				CLANG_WARN_DOCUMENTATION_COMMENTS = YES;
				CLANG_WARN_EMPTY_BODY = YES;
				CLANG_WARN_ENUM_CONVERSION = YES;
				CLANG_WARN_INFINITE_RECURSION = YES;
				CLANG_WARN_INT_CONVERSION = YES;
				CLANG_WARN_NON_LITERAL_NULL_CONVERSION = YES;
				CLANG_WARN_OBJC_IMPLICIT_RETAIN_SELF = YES;
				CLANG_WARN_OBJC_LITERAL_CONVERSION = YES;
				CLANG_WARN_OBJC_ROOT_CLASS = YES_ERROR;
				CLANG_WARN_QUOTED_INCLUDE_IN_FRAMEWORK_HEADER = YES;
				CLANG_WARN_RANGE_LOOP_ANALYSIS = YES;
				CLANG_WARN_STRICT_PROTOTYPES = YES;
				CLANG_WARN_SUSPICIOUS_MOVE = YES;
				CLANG_WARN_UNGUARDED_AVAILABILITY = YES_AGGRESSIVE;
				CLANG_WARN_UNREACHABLE_CODE = YES;
				CLANG_WARN__DUPLICATE_METHOD_MATCH = YES;
				COPY_PHASE_STRIP = NO;
				DEAD_CODE_STRIPPING = YES;
				DEBUG_INFORMATION_FORMAT = dwarf;
				ENABLE_APP_SANDBOX = YES;
				ENABLE_OUTGOING_NETWORK_CONNECTIONS = YES;
				ENABLE_STRICT_OBJC_MSGSEND = YES;
				ENABLE_TESTABILITY = YES;
				ENABLE_USER_SCRIPT_SANDBOXING = YES;
				GCC_C_LANGUAGE_STANDARD = gnu17;
				GCC_DYNAMIC_NO_PIC = NO;
				GCC_NO_COMMON_BLOCKS = YES;
				GCC_OPTIMIZATION_LEVEL = 0;
				GCC_PREPROCESSOR_DEFINITIONS = (
					"DEBUG=1",
					"$(inherited)",
				);
				GCC_WARN_64_TO_32_BIT_CONVERSION = YES;
				GCC_WARN_ABOUT_RETURN_TYPE = YES_ERROR;
				GCC_WARN_UNDECLARED_SELECTOR = YES;
				GCC_WARN_UNINITIALIZED_AUTOS = YES_AGGRESSIVE;
				GCC_WARN_UNUSED_FUNCTION = YES;
				GCC_WARN_UNUSED_VARIABLE = YES;
				INFOPLIST_KEY_NSLocalNetworkUsageDescription = "Network usage is required for macOS/iOS communication";
				LOCALIZATION_PREFERS_STRING_CATALOGS = YES;
				MACOSX_DEPLOYMENT_TARGET = 15.1;
				MTL_ENABLE_DEBUG_INFO = INCLUDE_SOURCE;
				MTL_FAST_MATH = YES;
				ONLY_ACTIVE_ARCH = YES;
				SDKROOT = macosx;
				STRING_CATALOG_GENERATE_SYMBOLS = YES;
				SWIFT_ACTIVE_COMPILATION_CONDITIONS = "DEBUG $(inherited)";
				SWIFT_OPTIMIZATION_LEVEL = "-Onone";
			};
			name = Debug;
		};
		C50DCA832D17309A00780112 /* Release */ = {
			isa = XCBuildConfiguration;
			buildSettings = {
				ALWAYS_SEARCH_USER_PATHS = NO;
				ASSETCATALOG_COMPILER_GENERATE_SWIFT_ASSET_SYMBOL_EXTENSIONS = YES;
				CLANG_ANALYZER_NONNULL = YES;
				CLANG_ANALYZER_NUMBER_OBJECT_CONVERSION = YES_AGGRESSIVE;
				CLANG_CXX_LANGUAGE_STANDARD = "gnu++20";
				CLANG_ENABLE_MODULES = YES;
				CLANG_ENABLE_OBJC_ARC = YES;
				CLANG_ENABLE_OBJC_WEAK = YES;
				CLANG_WARN_BLOCK_CAPTURE_AUTORELEASING = YES;
				CLANG_WARN_BOOL_CONVERSION = YES;
				CLANG_WARN_COMMA = YES;
				CLANG_WARN_CONSTANT_CONVERSION = YES;
				CLANG_WARN_DEPRECATED_OBJC_IMPLEMENTATIONS = YES;
				CLANG_WARN_DIRECT_OBJC_ISA_USAGE = YES_ERROR;
				CLANG_WARN_DOCUMENTATION_COMMENTS = YES;
				CLANG_WARN_EMPTY_BODY = YES;
				CLANG_WARN_ENUM_CONVERSION = YES;
				CLANG_WARN_INFINITE_RECURSION = YES;
				CLANG_WARN_INT_CONVERSION = YES;
				CLANG_WARN_NON_LITERAL_NULL_CONVERSION = YES;
				CLANG_WARN_OBJC_IMPLICIT_RETAIN_SELF = YES;
				CLANG_WARN_OBJC_LITERAL_CONVERSION = YES;
				CLANG_WARN_OBJC_ROOT_CLASS = YES_ERROR;
				CLANG_WARN_QUOTED_INCLUDE_IN_FRAMEWORK_HEADER = YES;
				CLANG_WARN_RANGE_LOOP_ANALYSIS = YES;
				CLANG_WARN_STRICT_PROTOTYPES = YES;
				CLANG_WARN_SUSPICIOUS_MOVE = YES;
				CLANG_WARN_UNGUARDED_AVAILABILITY = YES_AGGRESSIVE;
				CLANG_WARN_UNREACHABLE_CODE = YES;
				CLANG_WARN__DUPLICATE_METHOD_MATCH = YES;
				COPY_PHASE_STRIP = NO;
				DEAD_CODE_STRIPPING = YES;
				DEBUG_INFORMATION_FORMAT = "dwarf-with-dsym";
				ENABLE_APP_SANDBOX = YES;
				ENABLE_NS_ASSERTIONS = NO;
				ENABLE_OUTGOING_NETWORK_CONNECTIONS = YES;
				ENABLE_STRICT_OBJC_MSGSEND = YES;
				ENABLE_USER_SCRIPT_SANDBOXING = YES;
				GCC_C_LANGUAGE_STANDARD = gnu17;
				GCC_NO_COMMON_BLOCKS = YES;
				GCC_WARN_64_TO_32_BIT_CONVERSION = YES;
				GCC_WARN_ABOUT_RETURN_TYPE = YES_ERROR;
				GCC_WARN_UNDECLARED_SELECTOR = YES;
				GCC_WARN_UNINITIALIZED_AUTOS = YES_AGGRESSIVE;
				GCC_WARN_UNUSED_FUNCTION = YES;
				GCC_WARN_UNUSED_VARIABLE = YES;
				INFOPLIST_KEY_NSLocalNetworkUsageDescription = "Network usage is required for macOS/iOS communication";
				LOCALIZATION_PREFERS_STRING_CATALOGS = YES;
				MACOSX_DEPLOYMENT_TARGET = 15.1;
				MTL_ENABLE_DEBUG_INFO = NO;
				MTL_FAST_MATH = YES;
				SDKROOT = macosx;
				STRING_CATALOG_GENERATE_SYMBOLS = YES;
				SWIFT_COMPILATION_MODE = wholemodule;
			};
			name = Release;
		};
		C50DCA852D17309A00780112 /* Debug */ = {
			isa = XCBuildConfiguration;
			buildSettings = {
				ASSETCATALOG_COMPILER_APPICON_NAME = AppIcon;
				ASSETCATALOG_COMPILER_GLOBAL_ACCENT_COLOR_NAME = AccentColor;
				ASSETCATALOG_COMPILER_INCLUDE_ALL_APPICON_ASSETS = NO;
				CODE_SIGN_ENTITLEMENTS = "KH Volume slider/KH_Volume_slider.entitlements";
				CODE_SIGN_IDENTITY = "Apple Development";
				CODE_SIGN_STYLE = Automatic;
				COMBINE_HIDPI_IMAGES = YES;
				CURRENT_PROJECT_VERSION = 1;
				DEAD_CODE_STRIPPING = YES;
				DEVELOPMENT_ASSET_PATHS = "KH\\ Volume\\ slider/Preview\\ Content";
				DEVELOPMENT_TEAM = 23X3UJX2G2;
				ENABLE_HARDENED_RUNTIME = YES;
				ENABLE_PREVIEWS = YES;
				GENERATE_INFOPLIST_FILE = YES;
				INFOPLIST_FILE = "KH-Volume-slider-Info.plist";
				INFOPLIST_KEY_LSApplicationCategoryType = "public.app-category.utilities";
				INFOPLIST_KEY_LSSupportsOpeningDocumentsInPlace = YES;
				INFOPLIST_KEY_LSUIElement = YES;
				INFOPLIST_KEY_NSHumanReadableCopyright = "";
				INFOPLIST_KEY_NSLocalNetworkUsageDescription = "Network usage is required to connect to audio devices on network";
				INFOPLIST_KEY_UILaunchScreen_Generation = YES;
				INFOPLIST_KEY_UISupportedInterfaceOrientations = "UIInterfaceOrientationLandscapeLeft UIInterfaceOrientationLandscapeRight UIInterfaceOrientationPortrait UIInterfaceOrientationPortraitUpsideDown";
				INFOPLIST_KEY_UISupportedInterfaceOrientations_iPad = UIInterfaceOrientationLandscapeRight;
				IPHONEOS_DEPLOYMENT_TARGET = 18.6;
				LD_RUNPATH_SEARCH_PATHS = (
					"$(inherited)",
					"@executable_path/../Frameworks",
				);
				MARKETING_VERSION = 1.0;
				PRODUCT_BUNDLE_IDENTIFIER = "Leander.KH-Volume-slider";
				PRODUCT_NAME = "$(TARGET_NAME)";
				PROVISIONING_PROFILE_SPECIFIER = "";
				SDKROOT = macosx;
				SUPPORTED_PLATFORMS = "iphoneos iphonesimulator macosx";
				SUPPORTS_MACCATALYST = NO;
				SWIFT_EMIT_LOC_STRINGS = YES;
				SWIFT_VERSION = 6.0;
				TARGETED_DEVICE_FAMILY = 1;
			};
			name = Debug;
		};
		C50DCA862D17309A00780112 /* Release */ = {
			isa = XCBuildConfiguration;
			buildSettings = {
				ASSETCATALOG_COMPILER_APPICON_NAME = AppIcon;
				ASSETCATALOG_COMPILER_GLOBAL_ACCENT_COLOR_NAME = AccentColor;
				ASSETCATALOG_COMPILER_INCLUDE_ALL_APPICON_ASSETS = NO;
				CODE_SIGN_ENTITLEMENTS = "KH Volume slider/KH_Volume_slider.entitlements";
				CODE_SIGN_IDENTITY = "Apple Development";
				CODE_SIGN_STYLE = Automatic;
				COMBINE_HIDPI_IMAGES = YES;
				CURRENT_PROJECT_VERSION = 1;
				DEAD_CODE_STRIPPING = YES;
				DEVELOPMENT_ASSET_PATHS = "KH\\ Volume\\ slider/Preview\\ Content";
				DEVELOPMENT_TEAM = 23X3UJX2G2;
				ENABLE_HARDENED_RUNTIME = YES;
				ENABLE_PREVIEWS = YES;
				GENERATE_INFOPLIST_FILE = YES;
				INFOPLIST_FILE = "KH-Volume-slider-Info.plist";
				INFOPLIST_KEY_LSApplicationCategoryType = "public.app-category.utilities";
				INFOPLIST_KEY_LSSupportsOpeningDocumentsInPlace = YES;
				INFOPLIST_KEY_LSUIElement = YES;
				INFOPLIST_KEY_NSHumanReadableCopyright = "";
				INFOPLIST_KEY_NSLocalNetworkUsageDescription = "Network usage is required to connect to audio devices on network";
				INFOPLIST_KEY_UILaunchScreen_Generation = YES;
				INFOPLIST_KEY_UISupportedInterfaceOrientations = "UIInterfaceOrientationLandscapeLeft UIInterfaceOrientationLandscapeRight UIInterfaceOrientationPortrait UIInterfaceOrientationPortraitUpsideDown";
				INFOPLIST_KEY_UISupportedInterfaceOrientations_iPad = UIInterfaceOrientationLandscapeRight;
				IPHONEOS_DEPLOYMENT_TARGET = 18.6;
				LD_RUNPATH_SEARCH_PATHS = (
					"$(inherited)",
					"@executable_path/../Frameworks",
				);
				MARKETING_VERSION = 1.0;
				PRODUCT_BUNDLE_IDENTIFIER = "Leander.KH-Volume-slider";
				PRODUCT_NAME = "$(TARGET_NAME)";
				PROVISIONING_PROFILE_SPECIFIER = "";
				SDKROOT = macosx;
				SUPPORTED_PLATFORMS = "iphoneos iphonesimulator macosx";
				SUPPORTS_MACCATALYST = NO;
				SWIFT_EMIT_LOC_STRINGS = YES;
				SWIFT_VERSION = 6.0;
				TARGETED_DEVICE_FAMILY = 1;
			};
			name = Release;
		};
		C50DCA882D17309A00780112 /* Debug */ = {
			isa = XCBuildConfiguration;
			buildSettings = {
				BUNDLE_LOADER = "$(TEST_HOST)";
				CODE_SIGN_STYLE = Automatic;
				CURRENT_PROJECT_VERSION = 1;
				DEAD_CODE_STRIPPING = YES;
				DEVELOPMENT_TEAM = 23X3UJX2G2;
				GENERATE_INFOPLIST_FILE = YES;
				MACOSX_DEPLOYMENT_TARGET = 15.1;
				MARKETING_VERSION = 1.0;
				PRODUCT_BUNDLE_IDENTIFIER = "Leander.KH-Volume-sliderTests";
				PRODUCT_NAME = "$(TARGET_NAME)";
				SWIFT_EMIT_LOC_STRINGS = NO;
				SWIFT_VERSION = 5.0;
				TEST_HOST = "$(BUILT_PRODUCTS_DIR)/KH Volume slider.app/$(BUNDLE_EXECUTABLE_FOLDER_PATH)/KH Volume slider";
			};
			name = Debug;
		};
		C50DCA892D17309A00780112 /* Release */ = {
			isa = XCBuildConfiguration;
			buildSettings = {
				BUNDLE_LOADER = "$(TEST_HOST)";
				CODE_SIGN_STYLE = Automatic;
				CURRENT_PROJECT_VERSION = 1;
				DEAD_CODE_STRIPPING = YES;
				DEVELOPMENT_TEAM = 23X3UJX2G2;
				GENERATE_INFOPLIST_FILE = YES;
				MACOSX_DEPLOYMENT_TARGET = 15.1;
				MARKETING_VERSION = 1.0;
				PRODUCT_BUNDLE_IDENTIFIER = "Leander.KH-Volume-sliderTests";
				PRODUCT_NAME = "$(TARGET_NAME)";
				SWIFT_EMIT_LOC_STRINGS = NO;
				SWIFT_VERSION = 5.0;
				TEST_HOST = "$(BUILT_PRODUCTS_DIR)/KH Volume slider.app/$(BUNDLE_EXECUTABLE_FOLDER_PATH)/KH Volume slider";
			};
			name = Release;
		};
		C50DCA8B2D17309A00780112 /* Debug */ = {
			isa = XCBuildConfiguration;
			buildSettings = {
				CODE_SIGN_STYLE = Automatic;
				CURRENT_PROJECT_VERSION = 1;
				DEAD_CODE_STRIPPING = YES;
				GENERATE_INFOPLIST_FILE = YES;
				MARKETING_VERSION = 1.0;
				PRODUCT_BUNDLE_IDENTIFIER = "Leander.KH-Volume-sliderUITests";
				PRODUCT_NAME = "$(TARGET_NAME)";
				SWIFT_EMIT_LOC_STRINGS = NO;
				SWIFT_VERSION = 6.0;
				TEST_TARGET_NAME = "KH Volume slider";
			};
			name = Debug;
		};
		C50DCA8C2D17309A00780112 /* Release */ = {
			isa = XCBuildConfiguration;
			buildSettings = {
				CODE_SIGN_STYLE = Automatic;
				CURRENT_PROJECT_VERSION = 1;
				DEAD_CODE_STRIPPING = YES;
				GENERATE_INFOPLIST_FILE = YES;
				MARKETING_VERSION = 1.0;
				PRODUCT_BUNDLE_IDENTIFIER = "Leander.KH-Volume-sliderUITests";
				PRODUCT_NAME = "$(TARGET_NAME)";
				SWIFT_EMIT_LOC_STRINGS = NO;
				SWIFT_VERSION = 6.0;
				TEST_TARGET_NAME = "KH Volume slider";
			};
			name = Release;
		};
/* End XCBuildConfiguration section */

/* Begin XCConfigurationList section */
		C50DCA5A2D17309900780112 /* Build configuration list for PBXProject "KH Volume slider" */ = {
			isa = XCConfigurationList;
			buildConfigurations = (
				C50DCA822D17309A00780112 /* Debug */,
				C50DCA832D17309A00780112 /* Release */,
			);
			defaultConfigurationIsVisible = 0;
			defaultConfigurationName = Release;
		};
		C50DCA842D17309A00780112 /* Build configuration list for PBXNativeTarget "KH Volume slider" */ = {
			isa = XCConfigurationList;
			buildConfigurations = (
				C50DCA852D17309A00780112 /* Debug */,
				C50DCA862D17309A00780112 /* Release */,
			);
			defaultConfigurationIsVisible = 0;
			defaultConfigurationName = Release;
		};
		C50DCA872D17309A00780112 /* Build configuration list for PBXNativeTarget "KH Volume sliderTests" */ = {
			isa = XCConfigurationList;
			buildConfigurations = (
				C50DCA882D17309A00780112 /* Debug */,
				C50DCA892D17309A00780112 /* Release */,
			);
			defaultConfigurationIsVisible = 0;
			defaultConfigurationName = Release;
		};
		C50DCA8A2D17309A00780112 /* Build configuration list for PBXNativeTarget "KH Volume sliderUITests" */ = {
			isa = XCConfigurationList;
			buildConfigurations = (
				C50DCA8B2D17309A00780112 /* Debug */,
				C50DCA8C2D17309A00780112 /* Release */,
			);
			defaultConfigurationIsVisible = 0;
			defaultConfigurationName = Release;
		};
/* End XCConfigurationList section */
	};
	rootObject = C50DCA572D17309900780112 /* Project object */;
}
